{
  "name": "ibl-learn",
  "version": "1.0.0",
  "lockfileVersion": 3,
  "requires": true,
  "packages": {
    "": {
      "name": "ibl-learn",
      "version": "1.0.0",
      "license": "MIT",
      "dependencies": {
        "csv": "^6.6.3"
      }
    },
    "node_modules/csv": {
      "version": "6.6.3",
      "resolved": "https://registry.npmjs.org/csv/-/csv-6.6.3.tgz",
      "integrity": "sha512-X2AnOgcxqV+OdLm1M2FOl+bPQrM1LK1jwo4FhEoq8hi8JTR0tQ8ZWv3x3N2gVMIuUmpb4CLrV08rTP49IdFQ8w==",
      "license": "MIT",
      "dependencies": {
        "csv-generate": "^4.6.1",
        "csv-parse": "^7.0.2",
        "csv-stringify": "^6.8.3",
        "stream-transform": "^3.5.1"
      },
      "engines": {
        "node": ">= 0.1.90"
      }
    },
    "node_modules/csv-generate": {
      "version": "4.6.1",
      "resolved": "https://registry.npmjs.org/csv-generate/-/csv-generate-4.6.1.tgz",
      "integrity": "sha512-eELl9K716LSSeP2/YcCjch525JztnnERe3jEARWw2v1FN9ukUYfZTNYZ4Rq2Jj/MFKMauffOy9VCaqQTpFThDQ==",
      "license": "MIT"
    },
    "node_modules/csv-parse": {
      "version": "7.0.2",
      "resolved": "https://registry.npmjs.org/csv-parse/-/csv-parse-7.0.2.tgz",
      "integrity": "sha512-uKZghv9UmPkMVLYy//KZ9HFAIJsl7wkhoEdIL0+rhuSY9pZQlhaeGEDPIe+/w7eh81MOql8Q/9+inAGWG6ZHYA==",
      "license": "MIT"
    },
    "node_modules/csv-stringify": {
      "version": "6.8.3",
      "resolved": "https://registry.npmjs.org/csv-stringify/-/csv-stringify-6.8.3.tgz",
      "integrity": "sha512-gIeSCvq5F4VtXV3naV3VAewLhBkiZBz+PPhTOA8H3Y8h/ELa+R1ml0GZck/4/Nzo9ep2lvOluilJ6MJlbZsKMA==",
      "license": "MIT"
    },
    "node_modules/stream-transform": {
      "version": "3.5.1",
      "resolved": "https://registry.npmjs.org/stream-transform/-/stream-transform-3.5.1.tgz",
      "integrity": "sha512-TTDX+qKFr7GGRXATn66rprmlFPx08W0UBIccE/rMPgW2sT7GovduZYP4xcdJ7Nu2YigF17U+CNFxYY11+W1oPw==",
      "license": "MIT"
    }
  }
}
